
Microsoft Visual Studio Solution File, Format Version 12.00
# Visual Studio Version 16
VisualStudioVersion = 16.0.30611.23
MinimumVisualStudioVersion = 10.0.40219.1
Project("{FAE04EC0-301F-11D3-BF4B-00C04F79EFBC}") = "SuperAdventure", "SuperAdventure\SuperAdventure.csproj", "{A6651F1B-A3CE-4815-ACE4-1F0AD9D0A792}"
EndProject
Project("{FAE04EC0-301F-11D3-BF4B-00C04F79EFBC}") = "Engine", "Engine\Engine.csproj", "{2198AF04-24DA-4533-8C27-5D909F87EB6B}"
EndProject
Global
	GlobalSection(SolutionConfigurationPlatforms) = preSolution
		Debug|Any CPU = Debug|Any CPU
		Release|Any CPU = Release|Any CPU
	EndGlobalSection
	GlobalSection(ProjectConfigurationPlatforms) = postSolution
		{A6651F1B-A3CE-4815-ACE4-1F0AD9D0A792}.Debug|Any CPU.ActiveCfg = Debug|Any CPU
		{A6651F1B-A3CE-4815-ACE4-1F0AD9D0A792}.Debug|Any CPU.Build.0 = Debug|Any CPU
		{A6651F1B-A3CE-4815-ACE4-1F0AD9D0A792}.Release|Any CPU.ActiveCfg = Release|Any CPU
		{A6651F1B-A3CE-4815-ACE4-1F0AD9D0A792}.Release|Any CPU.Build.0 = Release|Any CPU
		{2198AF04-24DA-4533-8C27-5D909F87EB6B}.Debug|Any CPU.ActiveCfg = Debug|Any CPU
		{2198AF04-24DA-4533-8C27-5D909F87EB6B}.Debug|Any CPU.Build.0 = Debug|Any CPU
		{2198AF04-24DA-4533-8C27-5D909F87EB6B}.Release|Any CPU.ActiveCfg = Release|Any CPU
		{2198AF04-24DA-4533-8C27-5D909F87EB6B}.Release|Any CPU.Build.0 = Release|Any CPU
	EndGlobalSection
	GlobalSection(SolutionProperties) = preSolution
		HideSolutionNode = FALSE
	EndGlobalSection
	GlobalSection(ExtensibilityGlobals) = postSolution
		SolutionGuid = {BD849A2C-28C3-472B-95A2-F481C649970A}
	EndGlobalSection
EndGlobal
